<?xml version="1.0" encoding="utf-8"?>
<Project ToolsVersion="4.0" xmlns="http://schemas.microsoft.com/developer/msbuild/2003">
  <ItemGroup>
    <Filter Include="Source Files">
      <UniqueIdentifier>{932acaaa-e5c0-418b-8dd5-67a6e13aef7d}</UniqueIdentifier>
    </Filter>
    <Filter Include="Generated Files">
      <UniqueIdentifier>{c1898b7a-8745-4a0d-823c-9dc8d01341ff}</UniqueIdentifier>
      <SourceControlFiles>False</SourceControlFiles>
    </Filter>
  </ItemGroup>
  <ItemGroup>
    <None Include="Testps.def" />
  </ItemGroup>
  <ItemGroup>
    <ClCompile Include="Test_i.c">
      <Filter>Generated Files</Filter>
    </ClCompile>
    <ClCompile Include="Test_p.c">
      <Filter>Generated Files</Filter>
    </ClCompile>
    <ClCompile Include="dlldata.c">
      <Filter>Generated Files</Filter>
    </ClCompile>
  </ItemGroup>
</Project>