
Microsoft Visual Studio Solution File, Format Version 12.00
# Visual Studio 14
VisualStudioVersion = 14.0.25420.1
MinimumVisualStudioVersion = 10.0.40219.1
Project("{8BC9CEB8-8B4A-11D0-8D11-00A0C91BC942}") = "HelloWorld", "HelloWorld\HelloWorld.vcxproj", "{7478E038-D227-4035-9F6A-41C83563DF9F}"
EndProject
Project("{8BC9CEB8-8B4A-11D0-8D11-00A0C91BC942}") = "HelloWorldPS", "HelloWorld\HelloWorldPS.vcxproj", "{0712E0DE-6F10-4E15-9778-CCCD08A96F22}"
EndProject
Global
	GlobalSection(SolutionConfigurationPlatforms) = preSolution
		Debug|Win32 = Debug|Win32
		Debug|x64 = Debug|x64
		Release|Win32 = Release|Win32
		Release|x64 = Release|x64
	EndGlobalSection
	GlobalSection(ProjectConfigurationPlatforms) = postSolution
		{7478E038-D227-4035-9F6A-41C83563DF9F}.Debug|Win32.ActiveCfg = Debug|Win32
		{7478E038-D227-4035-9F6A-41C83563DF9F}.Debug|Win32.Build.0 = Debug|Win32
		{7478E038-D227-4035-9F6A-41C83563DF9F}.Debug|x64.ActiveCfg = Debug|Win32
		{7478E038-D227-4035-9F6A-41C83563DF9F}.Release|Win32.ActiveCfg = Release|Win32
		{7478E038-D227-4035-9F6A-41C83563DF9F}.Release|Win32.Build.0 = Release|Win32
		{7478E038-D227-4035-9F6A-41C83563DF9F}.Release|x64.ActiveCfg = Release|Win32
		{0712E0DE-6F10-4E15-9778-CCCD08A96F22}.Debug|Win32.ActiveCfg = Debug|Win32
		{0712E0DE-6F10-4E15-9778-CCCD08A96F22}.Debug|x64.ActiveCfg = Debug|Win32
		{0712E0DE-6F10-4E15-9778-CCCD08A96F22}.Release|Win32.ActiveCfg = Release|Win32
		{0712E0DE-6F10-4E15-9778-CCCD08A96F22}.Release|x64.ActiveCfg = Release|Win32
	EndGlobalSection
	GlobalSection(SolutionProperties) = preSolution
		HideSolutionNode = FALSE
	EndGlobalSection
EndGlobal
